
Microsoft Visual Studio Solution File, Format Version 12.00
# Visual Studio Version 17
VisualStudioVersion = 17.5.002.0
MinimumVisualStudioVersion = 10.0.40219.1
Project("{FAE04EC0-301F-11D3-BF4B-00C04F79EFBC}") = "bäckerei", "bäckerei\bäckerei\bäckerei.csproj", "{815C8858-37C4-4832-918B-CBBC9B3BD2DA}"
EndProject
Project("{FAE04EC0-301F-11D3-BF4B-00C04F79EFBC}") = "calculator", "calculator\calculator.csproj", "{82C0933B-D40B-4129-AFE9-C79EB7518780}"
EndProject
Project("{FAE04EC0-301F-11D3-BF4B-00C04F79EFBC}") = "cashMachine", "cashMachine\cashMachine.csproj", "{589B6AAA-55F3-4750-BDE7-D18438A22B00}"
EndProject
Project("{FAE04EC0-301F-11D3-BF4B-00C04F79EFBC}") = "currencyCalculator", "currencyCalculator\currencyCalculator.csproj", "{3BD75811-4AB8-41B0-B425-955AD894563D}"
EndProject
Project("{FAE04EC0-301F-11D3-BF4B-00C04F79EFBC}") = "Dagobert", "Dagobert\Dagobert.csproj", "{16A6FF11-9663-4BC2-9CF6-B33CFDDE3F9A}"
EndProject
Project("{FAE04EC0-301F-11D3-BF4B-00C04F79EFBC}") = "vokabtrainer", "vokabtrainer\vokabtrainer.csproj", "{E4A80DD6-8F17-41E4-A3BB-BFCA3FEE6E39}"
EndProject
Project("{FAE04EC0-301F-11D3-BF4B-00C04F79EFBC}") = "towerCalculator", "towerCalculator\towerCalculator.csproj", "{97E624CF-45BC-4048-9A39-585AC34352BF}"
EndProject
Project("{FAE04EC0-301F-11D3-BF4B-00C04F79EFBC}") = "guessTheNumber", "guessTheNumber\guessTheNumber.csproj", "{1C173A8E-B0CE-4786-996A-3F2830246A42}"
EndProject
Project("{FAE04EC0-301F-11D3-BF4B-00C04F79EFBC}") = "faculty", "faculty\faculty.csproj", "{168228C2-9A5D-4FFE-8BB9-7093F25197EA}"
EndProject
Project("{FAE04EC0-301F-11D3-BF4B-00C04F79EFBC}") = "DemoString.ConApp", "DemoString.ConApp\DemoString.ConApp.csproj", "{4B3B4A9D-B8A2-4138-8C4E-96D248DA9437}"
EndProject
Project("{FAE04EC0-301F-11D3-BF4B-00C04F79EFBC}") = "starSquare", "starSquare\starSquare.csproj", "{4F358585-3894-4205-86C7-BA98DF8766BA}"
EndProject
Project("{FAE04EC0-301F-11D3-BF4B-00C04F79EFBC}") = "LogarithmusDualis", "LogarithmusDualis\LogarithmusDualis.csproj", "{5E1450A4-8FF9-4383-AA8F-80EACF579BB3}"
EndProject
Project("{FAE04EC0-301F-11D3-BF4B-00C04F79EFBC}") = "LinearMotion", "LinearMotion\LinearMotion.csproj", "{456313A8-DE5F-40B6-85CF-5DCBC726DBEA}"
EndProject
Project("{FAE04EC0-301F-11D3-BF4B-00C04F79EFBC}") = "PrimeChecker", "PrimeChecker\PrimeChecker.csproj", "{0560D6E4-0A69-47B7-8852-A8BDA61DECD7}"
EndProject
Project("{FAE04EC0-301F-11D3-BF4B-00C04F79EFBC}") = "PrimeForBank", "PrimeForBank\PrimeForBank.csproj", "{77C05370-837C-44FB-ABFA-FD8EC1895779}"
EndProject
Project("{FAE04EC0-301F-11D3-BF4B-00C04F79EFBC}") = "DemoString2.ConApp", "DemoString2.ConApp\DemoString2.ConApp.csproj", "{70B66123-8270-423D-B13F-8840CA68BDB4}"
EndProject
Project("{FAE04EC0-301F-11D3-BF4B-00C04F79EFBC}") = "FizzBuzz", "FizzBuzz\FizzBuzz.csproj", "{756478CF-9DDB-459C-BCE6-432689DB73F1}"
EndProject
Project("{FAE04EC0-301F-11D3-BF4B-00C04F79EFBC}") = "FindAllBits", "FindAllBits\FindAllBits.csproj", "{ADF2E030-D327-4FCA-9717-82B12C9F8120}"
EndProject
Project("{FAE04EC0-301F-11D3-BF4B-00C04F79EFBC}") = "StringReverse", "StringReverse\StringReverse.csproj", "{7CE3CD9D-59DE-44FF-9FFA-15F7577DA21E}"
EndProject
Project("{FAE04EC0-301F-11D3-BF4B-00C04F79EFBC}") = "SplitString", "SplitString\SplitString.csproj", "{6A15C268-51AE-43C7-BE0E-5469535687BD}"
EndProject
Project("{FAE04EC0-301F-11D3-BF4B-00C04F79EFBC}") = "PalindromDemo", "PalindromDemo\PalindromDemo.csproj", "{7317FB0B-615E-4E81-A220-8F94B584526F}"
EndProject
Project("{FAE04EC0-301F-11D3-BF4B-00C04F79EFBC}") = "Kreditkarteprüfer", "Kreditkarteprüfer\Kreditkarteprüfer.csproj", "{D5C2C9DF-8870-4D61-B425-3B86C6811CD6}"
EndProject
Project("{FAE04EC0-301F-11D3-BF4B-00C04F79EFBC}") = "ASCII_Table", "ASCII_Table\ASCII_Table.csproj", "{6664C0B2-9892-469B-A1A2-C0188FDD6A52}"
EndProject
Project("{FAE04EC0-301F-11D3-BF4B-00C04F79EFBC}") = "DigitFilter", "DigitFilter\DigitFilter.csproj", "{53E9BFCD-BBF5-47DE-9D16-733DF8397F06}"
EndProject
Project("{FAE04EC0-301F-11D3-BF4B-00C04F79EFBC}") = "FilterVocals", "FilterVocals\FilterVocals.csproj", "{BB6169DA-FDB7-4F75-B11B-60BA4ADE4A08}"
EndProject
Project("{FAE04EC0-301F-11D3-BF4B-00C04F79EFBC}") = "Test12345", "Test12345\Test12345.csproj", "{0288D415-675E-4B1E-91FD-D1A6490F9E75}"
EndProject
Project("{FAE04EC0-301F-11D3-BF4B-00C04F79EFBC}") = "DeleteChars", "DeleteChars\DeleteChars.csproj", "{044312AA-37E8-4902-B5A6-EA6FEE100079}"
EndProject
Project("{FAE04EC0-301F-11D3-BF4B-00C04F79EFBC}") = "SearchString", "SearchString\SearchString.csproj", "{C79CFF55-2DF9-410C-BBD8-87F2767DE403}"
EndProject
Project("{FAE04EC0-301F-11D3-BF4B-00C04F79EFBC}") = "CutFrontNEnd", "CutFrontNEnd\CutFrontNEnd.csproj", "{57C98322-0842-4CD2-8593-8FE58D5F33EA}"
EndProject
Project("{FAE04EC0-301F-11D3-BF4B-00C04F79EFBC}") = "ReverseChars", "ReverseChars\ReverseChars.csproj", "{1A90C76D-0F3A-489A-B55C-F2EFF403E82A}"
EndProject
Project("{FAE04EC0-301F-11D3-BF4B-00C04F79EFBC}") = "SplitStringTest", "SplitStringTest\SplitStringTest.csproj", "{E5E79AFF-78D7-4E14-871B-400693E649D7}"
EndProject
Project("{FAE04EC0-301F-11D3-BF4B-00C04F79EFBC}") = "ShredString", "ShredString\ShredString.csproj", "{D9D4C396-4F7E-4D89-AB55-2C813848D571}"
EndProject
Project("{FAE04EC0-301F-11D3-BF4B-00C04F79EFBC}") = "BabySpeech", "BabySpeech\BabySpeech.csproj", "{0B8625E4-7504-447A-9F51-C32874443950}"
EndProject
Project("{FAE04EC0-301F-11D3-BF4B-00C04F79EFBC}") = "SumOfTheDigitsString", "SumOfTheDigitsString\SumOfTheDigitsString.csproj", "{D561D5AF-5F05-43A4-ADA9-2AF80D6A7A05}"
EndProject
Project("{FAE04EC0-301F-11D3-BF4B-00C04F79EFBC}") = "PasswordQuality", "PasswordQuality\PasswordQuality.csproj", "{6FF1DC17-88F6-4ECA-B0AB-DCFED9835621}"
EndProject
Project("{FAE04EC0-301F-11D3-BF4B-00C04F79EFBC}") = "ROT13.ConApp", "ROT13.ConApp\ROT13.ConApp.csproj", "{07A383E2-A25F-452C-AC47-B07FF0C9027B}"
EndProject
Project("{FAE04EC0-301F-11D3-BF4B-00C04F79EFBC}") = "SimpleMethods", "SimpleMethods\SimpleMethods.csproj", "{7A21A55F-8F2D-408F-8275-DF1B67D0D21B}"
EndProject
Project("{FAE04EC0-301F-11D3-BF4B-00C04F79EFBC}") = "CountDifferentDigits", "CountDifferentDigits\CountDifferentDigits.csproj", "{CC06C7B7-E0DA-4F75-A51C-DF9D97AD2226}"
EndProject
Project("{FAE04EC0-301F-11D3-BF4B-00C04F79EFBC}") = "BinaryAdder", "BinaryAdder\BinaryAdder.csproj", "{3A1F0E56-B50D-4CA8-A9C0-DA30D3DF5CFF}"
EndProject
Project("{FAE04EC0-301F-11D3-BF4B-00C04F79EFBC}") = "Chess.ConApp", "Chess.ConApp\Chess.ConApp.csproj", "{C9D0C767-476A-458C-B681-970E78D3E6AE}"
EndProject
Project("{FAE04EC0-301F-11D3-BF4B-00C04F79EFBC}") = "PassKeysFinder", "PassKeysFinder\PassKeysFinder.csproj", "{FF20E09D-2B1C-48D9-B7ED-7B6B4D563698}"
EndProject
Project("{FAE04EC0-301F-11D3-BF4B-00C04F79EFBC}") = "SkiJumpVoting", "SkiJumpVoting\SkiJumpVoting.csproj", "{FD98371F-95DA-4D7D-AB9C-76FED8BF3413}"
EndProject
Project("{FAE04EC0-301F-11D3-BF4B-00C04F79EFBC}") = "AddBigIntegers", "AddBigIntegers\AddBigIntegers.csproj", "{0C1B8C45-F103-4215-B058-E94584CBC545}"
EndProject
Project("{FAE04EC0-301F-11D3-BF4B-00C04F79EFBC}") = "Parkscheinautomat", "Parkscheinautomat\Parkscheinautomat.csproj", "{CC1B9059-412C-492B-8A6B-5A4FC4D7E54E}"
EndProject
Project("{FAE04EC0-301F-11D3-BF4B-00C04F79EFBC}") = "DemoSort.ConApp", "DemoSort.ConApp\DemoSort.ConApp.csproj", "{3D71C015-D81E-4803-ABA6-5618D400DDC6}"
EndProject
Project("{FAE04EC0-301F-11D3-BF4B-00C04F79EFBC}") = "SortAlgorithm.ConApp", "SortAlgorithm.ConApp\SortAlgorithm.ConApp.csproj", "{1CE1C47F-0099-482B-990A-14BA193226CD}"
EndProject
Project("{FAE04EC0-301F-11D3-BF4B-00C04F79EFBC}") = "SortingAlgorithms", "SortingAlgorithms\SortingAlgorithms.csproj", "{47ECF1C3-3542-4F13-BB64-EFE905622A5C}"
EndProject
Project("{FAE04EC0-301F-11D3-BF4B-00C04F79EFBC}") = "DemoArray2Dimension.ConApp", "DemoArray2Dimension.ConApp\DemoArray2Dimension.ConApp.csproj", "{B87B0E98-711C-467F-8668-3E8D9E7AD222}"
EndProject
Project("{FAE04EC0-301F-11D3-BF4B-00C04F79EFBC}") = "LottosimulationTest.ConApp", "LottosimulationTest.ConApp\LottosimulationTest.ConApp.csproj", "{19B4BE1E-116A-4433-8ECD-DB72A035109E}"
EndProject
Project("{FAE04EC0-301F-11D3-BF4B-00C04F79EFBC}") = "Matrix", "Matrix\Matrix.csproj", "{54A4B0A2-A3E9-45BB-BC5F-4CB211824FD6}"
EndProject
Project("{FAE04EC0-301F-11D3-BF4B-00C04F79EFBC}") = "DemoUserType.ConApp", "DemoUserType.ConApp\DemoUserType.ConApp.csproj", "{F29A65A6-F153-45D1-A5C1-5D2A36896247}"
EndProject
Project("{FAE04EC0-301F-11D3-BF4B-00C04F79EFBC}") = "GameOfLife", "GameOfLife\GameOfLife.csproj", "{C3D78DD3-F024-4108-BDFE-9727B3935532}"
EndProject
Project("{FAE04EC0-301F-11D3-BF4B-00C04F79EFBC}") = "DataAnnotatonTest", "DataAnnotatonTest\DataAnnotatonTest.csproj", "{FACC2D85-EC96-449F-A11F-35A4B1AA9782}"
EndProject
Project("{FAE04EC0-301F-11D3-BF4B-00C04F79EFBC}") = "LottoChecker", "LottoChecker\LottoChecker.csproj", "{396DC25B-BB31-4F53-A7DF-25F9D1D0B17A}"
EndProject
Project("{FAE04EC0-301F-11D3-BF4B-00C04F79EFBC}") = "FileWizard", "FileWizard\FileWizard.csproj", "{184BF5D4-9344-4CD7-AE9B-8A833E2B52D6}"
EndProject
Project("{FAE04EC0-301F-11D3-BF4B-00C04F79EFBC}") = "TestJojo", "TestJojo\TestJojo.csproj", "{981A9FA8-1EAD-498F-B3EA-2FC129B11E7E}"
EndProject
Project("{FAE04EC0-301F-11D3-BF4B-00C04F79EFBC}") = "CommentQuote", "CommentQuote\CommentQuote.csproj", "{E946575D-8C94-4722-BBBD-8D33E6A1DCD6}"
EndProject
Project("{FAE04EC0-301F-11D3-BF4B-00C04F79EFBC}") = "Classlist", "Classlist\Classlist.csproj", "{4DE87F0F-B6FE-4C21-A2A6-709AA1B5FD1A}"
EndProject
Project("{FAE04EC0-301F-11D3-BF4B-00C04F79EFBC}") = "DemoStack.ConApp", "DemoStack.ConApp\DemoStack.ConApp.csproj", "{59D8D0F3-9037-4BE4-893C-F3741142E590}"
EndProject
Project("{FAE04EC0-301F-11D3-BF4B-00C04F79EFBC}") = "BusinessRun", "BusinessRun\BusinessRun.csproj", "{F16B129A-4156-4088-944E-CA7B3E117DEE}"
EndProject
Global
	GlobalSection(SolutionConfigurationPlatforms) = preSolution
		Debug|Any CPU = Debug|Any CPU
		Release|Any CPU = Release|Any CPU
	EndGlobalSection
	GlobalSection(ProjectConfigurationPlatforms) = postSolution
		{815C8858-37C4-4832-918B-CBBC9B3BD2DA}.Debug|Any CPU.ActiveCfg = Debug|Any CPU
		{815C8858-37C4-4832-918B-CBBC9B3BD2DA}.Debug|Any CPU.Build.0 = Debug|Any CPU
		{815C8858-37C4-4832-918B-CBBC9B3BD2DA}.Release|Any CPU.ActiveCfg = Release|Any CPU
		{815C8858-37C4-4832-918B-CBBC9B3BD2DA}.Release|Any CPU.Build.0 = Release|Any CPU
		{82C0933B-D40B-4129-AFE9-C79EB7518780}.Debug|Any CPU.ActiveCfg = Debug|Any CPU
		{82C0933B-D40B-4129-AFE9-C79EB7518780}.Debug|Any CPU.Build.0 = Debug|Any CPU
		{82C0933B-D40B-4129-AFE9-C79EB7518780}.Release|Any CPU.ActiveCfg = Release|Any CPU
		{82C0933B-D40B-4129-AFE9-C79EB7518780}.Release|Any CPU.Build.0 = Release|Any CPU
		{589B6AAA-55F3-4750-BDE7-D18438A22B00}.Debug|Any CPU.ActiveCfg = Debug|Any CPU
		{589B6AAA-55F3-4750-BDE7-D18438A22B00}.Debug|Any CPU.Build.0 = Debug|Any CPU
		{589B6AAA-55F3-4750-BDE7-D18438A22B00}.Release|Any CPU.ActiveCfg = Release|Any CPU
		{589B6AAA-55F3-4750-BDE7-D18438A22B00}.Release|Any CPU.Build.0 = Release|Any CPU
		{3BD75811-4AB8-41B0-B425-955AD894563D}.Debug|Any CPU.ActiveCfg = Debug|Any CPU
		{3BD75811-4AB8-41B0-B425-955AD894563D}.Debug|Any CPU.Build.0 = Debug|Any CPU
		{3BD75811-4AB8-41B0-B425-955AD894563D}.Release|Any CPU.ActiveCfg = Release|Any CPU
		{3BD75811-4AB8-41B0-B425-955AD894563D}.Release|Any CPU.Build.0 = Release|Any CPU
		{16A6FF11-9663-4BC2-9CF6-B33CFDDE3F9A}.Debug|Any CPU.ActiveCfg = Debug|Any CPU
		{16A6FF11-9663-4BC2-9CF6-B33CFDDE3F9A}.Debug|Any CPU.Build.0 = Debug|Any CPU
		{16A6FF11-9663-4BC2-9CF6-B33CFDDE3F9A}.Release|Any CPU.ActiveCfg = Release|Any CPU
		{16A6FF11-9663-4BC2-9CF6-B33CFDDE3F9A}.Release|Any CPU.Build.0 = Release|Any CPU
		{E4A80DD6-8F17-41E4-A3BB-BFCA3FEE6E39}.Debug|Any CPU.ActiveCfg = Debug|Any CPU
		{E4A80DD6-8F17-41E4-A3BB-BFCA3FEE6E39}.Debug|Any CPU.Build.0 = Debug|Any CPU
		{E4A80DD6-8F17-41E4-A3BB-BFCA3FEE6E39}.Release|Any CPU.ActiveCfg = Release|Any CPU
		{E4A80DD6-8F17-41E4-A3BB-BFCA3FEE6E39}.Release|Any CPU.Build.0 = Release|Any CPU
		{97E624CF-45BC-4048-9A39-585AC34352BF}.Debug|Any CPU.ActiveCfg = Debug|Any CPU
		{97E624CF-45BC-4048-9A39-585AC34352BF}.Debug|Any CPU.Build.0 = Debug|Any CPU
		{97E624CF-45BC-4048-9A39-585AC34352BF}.Release|Any CPU.ActiveCfg = Release|Any CPU
		{97E624CF-45BC-4048-9A39-585AC34352BF}.Release|Any CPU.Build.0 = Release|Any CPU
		{1C173A8E-B0CE-4786-996A-3F2830246A42}.Debug|Any CPU.ActiveCfg = Debug|Any CPU
		{1C173A8E-B0CE-4786-996A-3F2830246A42}.Debug|Any CPU.Build.0 = Debug|Any CPU
		{1C173A8E-B0CE-4786-996A-3F2830246A42}.Release|Any CPU.ActiveCfg = Release|Any CPU
		{1C173A8E-B0CE-4786-996A-3F2830246A42}.Release|Any CPU.Build.0 = Release|Any CPU
		{168228C2-9A5D-4FFE-8BB9-7093F25197EA}.Debug|Any CPU.ActiveCfg = Debug|Any CPU
		{168228C2-9A5D-4FFE-8BB9-7093F25197EA}.Debug|Any CPU.Build.0 = Debug|Any CPU
		{168228C2-9A5D-4FFE-8BB9-7093F25197EA}.Release|Any CPU.ActiveCfg = Release|Any CPU
		{168228C2-9A5D-4FFE-8BB9-7093F25197EA}.Release|Any CPU.Build.0 = Release|Any CPU
		{4B3B4A9D-B8A2-4138-8C4E-96D248DA9437}.Debug|Any CPU.ActiveCfg = Debug|Any CPU
		{4B3B4A9D-B8A2-4138-8C4E-96D248DA9437}.Debug|Any CPU.Build.0 = Debug|Any CPU
		{4B3B4A9D-B8A2-4138-8C4E-96D248DA9437}.Release|Any CPU.ActiveCfg = Release|Any CPU
		{4B3B4A9D-B8A2-4138-8C4E-96D248DA9437}.Release|Any CPU.Build.0 = Release|Any CPU
		{4F358585-3894-4205-86C7-BA98DF8766BA}.Debug|Any CPU.ActiveCfg = Debug|Any CPU
		{4F358585-3894-4205-86C7-BA98DF8766BA}.Debug|Any CPU.Build.0 = Debug|Any CPU
		{4F358585-3894-4205-86C7-BA98DF8766BA}.Release|Any CPU.ActiveCfg = Release|Any CPU
		{4F358585-3894-4205-86C7-BA98DF8766BA}.Release|Any CPU.Build.0 = Release|Any CPU
		{5E1450A4-8FF9-4383-AA8F-80EACF579BB3}.Debug|Any CPU.ActiveCfg = Debug|Any CPU
		{5E1450A4-8FF9-4383-AA8F-80EACF579BB3}.Debug|Any CPU.Build.0 = Debug|Any CPU
		{5E1450A4-8FF9-4383-AA8F-80EACF579BB3}.Release|Any CPU.ActiveCfg = Release|Any CPU
		{5E1450A4-8FF9-4383-AA8F-80EACF579BB3}.Release|Any CPU.Build.0 = Release|Any CPU
		{456313A8-DE5F-40B6-85CF-5DCBC726DBEA}.Debug|Any CPU.ActiveCfg = Debug|Any CPU
		{456313A8-DE5F-40B6-85CF-5DCBC726DBEA}.Debug|Any CPU.Build.0 = Debug|Any CPU
		{456313A8-DE5F-40B6-85CF-5DCBC726DBEA}.Release|Any CPU.ActiveCfg = Release|Any CPU
		{456313A8-DE5F-40B6-85CF-5DCBC726DBEA}.Release|Any CPU.Build.0 = Release|Any CPU
		{0560D6E4-0A69-47B7-8852-A8BDA61DECD7}.Debug|Any CPU.ActiveCfg = Debug|Any CPU
		{0560D6E4-0A69-47B7-8852-A8BDA61DECD7}.Debug|Any CPU.Build.0 = Debug|Any CPU
		{0560D6E4-0A69-47B7-8852-A8BDA61DECD7}.Release|Any CPU.ActiveCfg = Release|Any CPU
		{0560D6E4-0A69-47B7-8852-A8BDA61DECD7}.Release|Any CPU.Build.0 = Release|Any CPU
		{77C05370-837C-44FB-ABFA-FD8EC1895779}.Debug|Any CPU.ActiveCfg = Debug|Any CPU
		{77C05370-837C-44FB-ABFA-FD8EC1895779}.Debug|Any CPU.Build.0 = Debug|Any CPU
		{77C05370-837C-44FB-ABFA-FD8EC1895779}.Release|Any CPU.ActiveCfg = Release|Any CPU
		{77C05370-837C-44FB-ABFA-FD8EC1895779}.Release|Any CPU.Build.0 = Release|Any CPU
		{70B66123-8270-423D-B13F-8840CA68BDB4}.Debug|Any CPU.ActiveCfg = Debug|Any CPU
		{70B66123-8270-423D-B13F-8840CA68BDB4}.Debug|Any CPU.Build.0 = Debug|Any CPU
		{70B66123-8270-423D-B13F-8840CA68BDB4}.Release|Any CPU.ActiveCfg = Release|Any CPU
		{70B66123-8270-423D-B13F-8840CA68BDB4}.Release|Any CPU.Build.0 = Release|Any CPU
		{756478CF-9DDB-459C-BCE6-432689DB73F1}.Debug|Any CPU.ActiveCfg = Debug|Any CPU
		{756478CF-9DDB-459C-BCE6-432689DB73F1}.Debug|Any CPU.Build.0 = Debug|Any CPU
		{756478CF-9DDB-459C-BCE6-432689DB73F1}.Release|Any CPU.ActiveCfg = Release|Any CPU
		{756478CF-9DDB-459C-BCE6-432689DB73F1}.Release|Any CPU.Build.0 = Release|Any CPU
		{ADF2E030-D327-4FCA-9717-82B12C9F8120}.Debug|Any CPU.ActiveCfg = Debug|Any CPU
		{ADF2E030-D327-4FCA-9717-82B12C9F8120}.Debug|Any CPU.Build.0 = Debug|Any CPU
		{ADF2E030-D327-4FCA-9717-82B12C9F8120}.Release|Any CPU.ActiveCfg = Release|Any CPU
		{ADF2E030-D327-4FCA-9717-82B12C9F8120}.Release|Any CPU.Build.0 = Release|Any CPU
		{7CE3CD9D-59DE-44FF-9FFA-15F7577DA21E}.Debug|Any CPU.ActiveCfg = Debug|Any CPU
		{7CE3CD9D-59DE-44FF-9FFA-15F7577DA21E}.Debug|Any CPU.Build.0 = Debug|Any CPU
		{7CE3CD9D-59DE-44FF-9FFA-15F7577DA21E}.Release|Any CPU.ActiveCfg = Release|Any CPU
		{7CE3CD9D-59DE-44FF-9FFA-15F7577DA21E}.Release|Any CPU.Build.0 = Release|Any CPU
		{6A15C268-51AE-43C7-BE0E-5469535687BD}.Debug|Any CPU.ActiveCfg = Debug|Any CPU
		{6A15C268-51AE-43C7-BE0E-5469535687BD}.Debug|Any CPU.Build.0 = Debug|Any CPU
		{6A15C268-51AE-43C7-BE0E-5469535687BD}.Release|Any CPU.ActiveCfg = Release|Any CPU
		{6A15C268-51AE-43C7-BE0E-5469535687BD}.Release|Any CPU.Build.0 = Release|Any CPU
		{7317FB0B-615E-4E81-A220-8F94B584526F}.Debug|Any CPU.ActiveCfg = Debug|Any CPU
		{7317FB0B-615E-4E81-A220-8F94B584526F}.Debug|Any CPU.Build.0 = Debug|Any CPU
		{7317FB0B-615E-4E81-A220-8F94B584526F}.Release|Any CPU.ActiveCfg = Release|Any CPU
		{7317FB0B-615E-4E81-A220-8F94B584526F}.Release|Any CPU.Build.0 = Release|Any CPU
		{D5C2C9DF-8870-4D61-B425-3B86C6811CD6}.Debug|Any CPU.ActiveCfg = Debug|Any CPU
		{D5C2C9DF-8870-4D61-B425-3B86C6811CD6}.Debug|Any CPU.Build.0 = Debug|Any CPU
		{D5C2C9DF-8870-4D61-B425-3B86C6811CD6}.Release|Any CPU.ActiveCfg = Release|Any CPU
		{D5C2C9DF-8870-4D61-B425-3B86C6811CD6}.Release|Any CPU.Build.0 = Release|Any CPU
		{6664C0B2-9892-469B-A1A2-C0188FDD6A52}.Debug|Any CPU.ActiveCfg = Debug|Any CPU
		{6664C0B2-9892-469B-A1A2-C0188FDD6A52}.Debug|Any CPU.Build.0 = Debug|Any CPU
		{6664C0B2-9892-469B-A1A2-C0188FDD6A52}.Release|Any CPU.ActiveCfg = Release|Any CPU
		{6664C0B2-9892-469B-A1A2-C0188FDD6A52}.Release|Any CPU.Build.0 = Release|Any CPU
		{53E9BFCD-BBF5-47DE-9D16-733DF8397F06}.Debug|Any CPU.ActiveCfg = Debug|Any CPU
		{53E9BFCD-BBF5-47DE-9D16-733DF8397F06}.Debug|Any CPU.Build.0 = Debug|Any CPU
		{53E9BFCD-BBF5-47DE-9D16-733DF8397F06}.Release|Any CPU.ActiveCfg = Release|Any CPU
		{53E9BFCD-BBF5-47DE-9D16-733DF8397F06}.Release|Any CPU.Build.0 = Release|Any CPU
		{BB6169DA-FDB7-4F75-B11B-60BA4ADE4A08}.Debug|Any CPU.ActiveCfg = Debug|Any CPU
		{BB6169DA-FDB7-4F75-B11B-60BA4ADE4A08}.Debug|Any CPU.Build.0 = Debug|Any CPU
		{BB6169DA-FDB7-4F75-B11B-60BA4ADE4A08}.Release|Any CPU.ActiveCfg = Release|Any CPU
		{BB6169DA-FDB7-4F75-B11B-60BA4ADE4A08}.Release|Any CPU.Build.0 = Release|Any CPU
		{0288D415-675E-4B1E-91FD-D1A6490F9E75}.Debug|Any CPU.ActiveCfg = Debug|Any CPU
		{0288D415-675E-4B1E-91FD-D1A6490F9E75}.Debug|Any CPU.Build.0 = Debug|Any CPU
		{0288D415-675E-4B1E-91FD-D1A6490F9E75}.Release|Any CPU.ActiveCfg = Release|Any CPU
		{0288D415-675E-4B1E-91FD-D1A6490F9E75}.Release|Any CPU.Build.0 = Release|Any CPU
		{044312AA-37E8-4902-B5A6-EA6FEE100079}.Debug|Any CPU.ActiveCfg = Debug|Any CPU
		{044312AA-37E8-4902-B5A6-EA6FEE100079}.Debug|Any CPU.Build.0 = Debug|Any CPU
		{044312AA-37E8-4902-B5A6-EA6FEE100079}.Release|Any CPU.ActiveCfg = Release|Any CPU
		{044312AA-37E8-4902-B5A6-EA6FEE100079}.Release|Any CPU.Build.0 = Release|Any CPU
		{C79CFF55-2DF9-410C-BBD8-87F2767DE403}.Debug|Any CPU.ActiveCfg = Debug|Any CPU
		{C79CFF55-2DF9-410C-BBD8-87F2767DE403}.Debug|Any CPU.Build.0 = Debug|Any CPU
		{C79CFF55-2DF9-410C-BBD8-87F2767DE403}.Release|Any CPU.ActiveCfg = Release|Any CPU
		{C79CFF55-2DF9-410C-BBD8-87F2767DE403}.Release|Any CPU.Build.0 = Release|Any CPU
		{57C98322-0842-4CD2-8593-8FE58D5F33EA}.Debug|Any CPU.ActiveCfg = Debug|Any CPU
		{57C98322-0842-4CD2-8593-8FE58D5F33EA}.Debug|Any CPU.Build.0 = Debug|Any CPU
		{57C98322-0842-4CD2-8593-8FE58D5F33EA}.Release|Any CPU.ActiveCfg = Release|Any CPU
		{57C98322-0842-4CD2-8593-8FE58D5F33EA}.Release|Any CPU.Build.0 = Release|Any CPU
		{1A90C76D-0F3A-489A-B55C-F2EFF403E82A}.Debug|Any CPU.ActiveCfg = Debug|Any CPU
		{1A90C76D-0F3A-489A-B55C-F2EFF403E82A}.Debug|Any CPU.Build.0 = Debug|Any CPU
		{1A90C76D-0F3A-489A-B55C-F2EFF403E82A}.Release|Any CPU.ActiveCfg = Release|Any CPU
		{1A90C76D-0F3A-489A-B55C-F2EFF403E82A}.Release|Any CPU.Build.0 = Release|Any CPU
		{E5E79AFF-78D7-4E14-871B-400693E649D7}.Debug|Any CPU.ActiveCfg = Debug|Any CPU
		{E5E79AFF-78D7-4E14-871B-400693E649D7}.Debug|Any CPU.Build.0 = Debug|Any CPU
		{E5E79AFF-78D7-4E14-871B-400693E649D7}.Release|Any CPU.ActiveCfg = Release|Any CPU
		{E5E79AFF-78D7-4E14-871B-400693E649D7}.Release|Any CPU.Build.0 = Release|Any CPU
		{D9D4C396-4F7E-4D89-AB55-2C813848D571}.Debug|Any CPU.ActiveCfg = Debug|Any CPU
		{D9D4C396-4F7E-4D89-AB55-2C813848D571}.Debug|Any CPU.Build.0 = Debug|Any CPU
		{D9D4C396-4F7E-4D89-AB55-2C813848D571}.Release|Any CPU.ActiveCfg = Release|Any CPU
		{D9D4C396-4F7E-4D89-AB55-2C813848D571}.Release|Any CPU.Build.0 = Release|Any CPU
		{0B8625E4-7504-447A-9F51-C32874443950}.Debug|Any CPU.ActiveCfg = Debug|Any CPU
		{0B8625E4-7504-447A-9F51-C32874443950}.Debug|Any CPU.Build.0 = Debug|Any CPU
		{0B8625E4-7504-447A-9F51-C32874443950}.Release|Any CPU.ActiveCfg = Release|Any CPU
		{0B8625E4-7504-447A-9F51-C32874443950}.Release|Any CPU.Build.0 = Release|Any CPU
		{D561D5AF-5F05-43A4-ADA9-2AF80D6A7A05}.Debug|Any CPU.ActiveCfg = Debug|Any CPU
		{D561D5AF-5F05-43A4-ADA9-2AF80D6A7A05}.Debug|Any CPU.Build.0 = Debug|Any CPU
		{D561D5AF-5F05-43A4-ADA9-2AF80D6A7A05}.Release|Any CPU.ActiveCfg = Release|Any CPU
		{D561D5AF-5F05-43A4-ADA9-2AF80D6A7A05}.Release|Any CPU.Build.0 = Release|Any CPU
		{6FF1DC17-88F6-4ECA-B0AB-DCFED9835621}.Debug|Any CPU.ActiveCfg = Debug|Any CPU
		{6FF1DC17-88F6-4ECA-B0AB-DCFED9835621}.Debug|Any CPU.Build.0 = Debug|Any CPU
		{6FF1DC17-88F6-4ECA-B0AB-DCFED9835621}.Release|Any CPU.ActiveCfg = Release|Any CPU
		{6FF1DC17-88F6-4ECA-B0AB-DCFED9835621}.Release|Any CPU.Build.0 = Release|Any CPU
		{07A383E2-A25F-452C-AC47-B07FF0C9027B}.Debug|Any CPU.ActiveCfg = Debug|Any CPU
		{07A383E2-A25F-452C-AC47-B07FF0C9027B}.Debug|Any CPU.Build.0 = Debug|Any CPU
		{07A383E2-A25F-452C-AC47-B07FF0C9027B}.Release|Any CPU.ActiveCfg = Release|Any CPU
		{07A383E2-A25F-452C-AC47-B07FF0C9027B}.Release|Any CPU.Build.0 = Release|Any CPU
		{7A21A55F-8F2D-408F-8275-DF1B67D0D21B}.Debug|Any CPU.ActiveCfg = Debug|Any CPU
		{7A21A55F-8F2D-408F-8275-DF1B67D0D21B}.Debug|Any CPU.Build.0 = Debug|Any CPU
		{7A21A55F-8F2D-408F-8275-DF1B67D0D21B}.Release|Any CPU.ActiveCfg = Release|Any CPU
		{7A21A55F-8F2D-408F-8275-DF1B67D0D21B}.Release|Any CPU.Build.0 = Release|Any CPU
		{730BA6D1-80F4-4BF0-A7E5-B123277880B9}.Debug|Any CPU.ActiveCfg = Debug|Any CPU
		{730BA6D1-80F4-4BF0-A7E5-B123277880B9}.Debug|Any CPU.Build.0 = Debug|Any CPU
		{730BA6D1-80F4-4BF0-A7E5-B123277880B9}.Release|Any CPU.ActiveCfg = Release|Any CPU
		{730BA6D1-80F4-4BF0-A7E5-B123277880B9}.Release|Any CPU.Build.0 = Release|Any CPU
		{CC06C7B7-E0DA-4F75-A51C-DF9D97AD2226}.Debug|Any CPU.ActiveCfg = Debug|Any CPU
		{CC06C7B7-E0DA-4F75-A51C-DF9D97AD2226}.Debug|Any CPU.Build.0 = Debug|Any CPU
		{CC06C7B7-E0DA-4F75-A51C-DF9D97AD2226}.Release|Any CPU.ActiveCfg = Release|Any CPU
		{CC06C7B7-E0DA-4F75-A51C-DF9D97AD2226}.Release|Any CPU.Build.0 = Release|Any CPU
		{3A1F0E56-B50D-4CA8-A9C0-DA30D3DF5CFF}.Debug|Any CPU.ActiveCfg = Debug|Any CPU
		{3A1F0E56-B50D-4CA8-A9C0-DA30D3DF5CFF}.Debug|Any CPU.Build.0 = Debug|Any CPU
		{3A1F0E56-B50D-4CA8-A9C0-DA30D3DF5CFF}.Release|Any CPU.ActiveCfg = Release|Any CPU
		{3A1F0E56-B50D-4CA8-A9C0-DA30D3DF5CFF}.Release|Any CPU.Build.0 = Release|Any CPU
		{C9D0C767-476A-458C-B681-970E78D3E6AE}.Debug|Any CPU.ActiveCfg = Debug|Any CPU
		{C9D0C767-476A-458C-B681-970E78D3E6AE}.Debug|Any CPU.Build.0 = Debug|Any CPU
		{C9D0C767-476A-458C-B681-970E78D3E6AE}.Release|Any CPU.ActiveCfg = Release|Any CPU
		{C9D0C767-476A-458C-B681-970E78D3E6AE}.Release|Any CPU.Build.0 = Release|Any CPU
		{FF20E09D-2B1C-48D9-B7ED-7B6B4D563698}.Debug|Any CPU.ActiveCfg = Debug|Any CPU
		{FF20E09D-2B1C-48D9-B7ED-7B6B4D563698}.Debug|Any CPU.Build.0 = Debug|Any CPU
		{FF20E09D-2B1C-48D9-B7ED-7B6B4D563698}.Release|Any CPU.ActiveCfg = Release|Any CPU
		{FF20E09D-2B1C-48D9-B7ED-7B6B4D563698}.Release|Any CPU.Build.0 = Release|Any CPU
		{FD98371F-95DA-4D7D-AB9C-76FED8BF3413}.Debug|Any CPU.ActiveCfg = Debug|Any CPU
		{FD98371F-95DA-4D7D-AB9C-76FED8BF3413}.Debug|Any CPU.Build.0 = Debug|Any CPU
		{FD98371F-95DA-4D7D-AB9C-76FED8BF3413}.Release|Any CPU.ActiveCfg = Release|Any CPU
		{FD98371F-95DA-4D7D-AB9C-76FED8BF3413}.Release|Any CPU.Build.0 = Release|Any CPU
		{0C1B8C45-F103-4215-B058-E94584CBC545}.Debug|Any CPU.ActiveCfg = Debug|Any CPU
		{0C1B8C45-F103-4215-B058-E94584CBC545}.Debug|Any CPU.Build.0 = Debug|Any CPU
		{0C1B8C45-F103-4215-B058-E94584CBC545}.Release|Any CPU.ActiveCfg = Release|Any CPU
		{0C1B8C45-F103-4215-B058-E94584CBC545}.Release|Any CPU.Build.0 = Release|Any CPU
		{CC1B9059-412C-492B-8A6B-5A4FC4D7E54E}.Debug|Any CPU.ActiveCfg = Debug|Any CPU
		{CC1B9059-412C-492B-8A6B-5A4FC4D7E54E}.Debug|Any CPU.Build.0 = Debug|Any CPU
		{CC1B9059-412C-492B-8A6B-5A4FC4D7E54E}.Release|Any CPU.ActiveCfg = Release|Any CPU
		{CC1B9059-412C-492B-8A6B-5A4FC4D7E54E}.Release|Any CPU.Build.0 = Release|Any CPU
		{3D71C015-D81E-4803-ABA6-5618D400DDC6}.Debug|Any CPU.ActiveCfg = Debug|Any CPU
		{3D71C015-D81E-4803-ABA6-5618D400DDC6}.Debug|Any CPU.Build.0 = Debug|Any CPU
		{3D71C015-D81E-4803-ABA6-5618D400DDC6}.Release|Any CPU.ActiveCfg = Release|Any CPU
		{3D71C015-D81E-4803-ABA6-5618D400DDC6}.Release|Any CPU.Build.0 = Release|Any CPU
		{1CE1C47F-0099-482B-990A-14BA193226CD}.Debug|Any CPU.ActiveCfg = Debug|Any CPU
		{1CE1C47F-0099-482B-990A-14BA193226CD}.Debug|Any CPU.Build.0 = Debug|Any CPU
		{1CE1C47F-0099-482B-990A-14BA193226CD}.Release|Any CPU.ActiveCfg = Release|Any CPU
		{1CE1C47F-0099-482B-990A-14BA193226CD}.Release|Any CPU.Build.0 = Release|Any CPU
		{2449EDAE-A5C7-43BA-82B8-CDF4288A021E}.Debug|Any CPU.ActiveCfg = Debug|Any CPU
		{2449EDAE-A5C7-43BA-82B8-CDF4288A021E}.Debug|Any CPU.Build.0 = Debug|Any CPU
		{2449EDAE-A5C7-43BA-82B8-CDF4288A021E}.Release|Any CPU.ActiveCfg = Release|Any CPU
		{2449EDAE-A5C7-43BA-82B8-CDF4288A021E}.Release|Any CPU.Build.0 = Release|Any CPU
		{665176E4-EEF6-4D31-A3FD-054E41323A13}.Debug|Any CPU.ActiveCfg = Debug|Any CPU
		{665176E4-EEF6-4D31-A3FD-054E41323A13}.Debug|Any CPU.Build.0 = Debug|Any CPU
		{665176E4-EEF6-4D31-A3FD-054E41323A13}.Release|Any CPU.ActiveCfg = Release|Any CPU
		{665176E4-EEF6-4D31-A3FD-054E41323A13}.Release|Any CPU.Build.0 = Release|Any CPU
		{47ECF1C3-3542-4F13-BB64-EFE905622A5C}.Debug|Any CPU.ActiveCfg = Debug|Any CPU
		{47ECF1C3-3542-4F13-BB64-EFE905622A5C}.Debug|Any CPU.Build.0 = Debug|Any CPU
		{47ECF1C3-3542-4F13-BB64-EFE905622A5C}.Release|Any CPU.ActiveCfg = Release|Any CPU
		{47ECF1C3-3542-4F13-BB64-EFE905622A5C}.Release|Any CPU.Build.0 = Release|Any CPU
		{B87B0E98-711C-467F-8668-3E8D9E7AD222}.Debug|Any CPU.ActiveCfg = Debug|Any CPU
		{B87B0E98-711C-467F-8668-3E8D9E7AD222}.Debug|Any CPU.Build.0 = Debug|Any CPU
		{B87B0E98-711C-467F-8668-3E8D9E7AD222}.Release|Any CPU.ActiveCfg = Release|Any CPU
		{B87B0E98-711C-467F-8668-3E8D9E7AD222}.Release|Any CPU.Build.0 = Release|Any CPU
		{A5686072-DFD4-4906-A992-0101AB238D13}.Debug|Any CPU.ActiveCfg = Debug|Any CPU
		{A5686072-DFD4-4906-A992-0101AB238D13}.Debug|Any CPU.Build.0 = Debug|Any CPU
		{A5686072-DFD4-4906-A992-0101AB238D13}.Release|Any CPU.ActiveCfg = Release|Any CPU
		{A5686072-DFD4-4906-A992-0101AB238D13}.Release|Any CPU.Build.0 = Release|Any CPU
		{19B4BE1E-116A-4433-8ECD-DB72A035109E}.Debug|Any CPU.ActiveCfg = Debug|Any CPU
		{19B4BE1E-116A-4433-8ECD-DB72A035109E}.Debug|Any CPU.Build.0 = Debug|Any CPU
		{19B4BE1E-116A-4433-8ECD-DB72A035109E}.Release|Any CPU.ActiveCfg = Release|Any CPU
		{19B4BE1E-116A-4433-8ECD-DB72A035109E}.Release|Any CPU.Build.0 = Release|Any CPU
		{54A4B0A2-A3E9-45BB-BC5F-4CB211824FD6}.Debug|Any CPU.ActiveCfg = Debug|Any CPU
		{54A4B0A2-A3E9-45BB-BC5F-4CB211824FD6}.Debug|Any CPU.Build.0 = Debug|Any CPU
		{54A4B0A2-A3E9-45BB-BC5F-4CB211824FD6}.Release|Any CPU.ActiveCfg = Release|Any CPU
		{54A4B0A2-A3E9-45BB-BC5F-4CB211824FD6}.Release|Any CPU.Build.0 = Release|Any CPU
		{F29A65A6-F153-45D1-A5C1-5D2A36896247}.Debug|Any CPU.ActiveCfg = Debug|Any CPU
		{F29A65A6-F153-45D1-A5C1-5D2A36896247}.Debug|Any CPU.Build.0 = Debug|Any CPU
		{F29A65A6-F153-45D1-A5C1-5D2A36896247}.Release|Any CPU.ActiveCfg = Release|Any CPU
		{F29A65A6-F153-45D1-A5C1-5D2A36896247}.Release|Any CPU.Build.0 = Release|Any CPU
		{C3D78DD3-F024-4108-BDFE-9727B3935532}.Debug|Any CPU.ActiveCfg = Debug|Any CPU
		{C3D78DD3-F024-4108-BDFE-9727B3935532}.Debug|Any CPU.Build.0 = Debug|Any CPU
		{C3D78DD3-F024-4108-BDFE-9727B3935532}.Release|Any CPU.ActiveCfg = Release|Any CPU
		{C3D78DD3-F024-4108-BDFE-9727B3935532}.Release|Any CPU.Build.0 = Release|Any CPU
		{FACC2D85-EC96-449F-A11F-35A4B1AA9782}.Debug|Any CPU.ActiveCfg = Debug|Any CPU
		{FACC2D85-EC96-449F-A11F-35A4B1AA9782}.Debug|Any CPU.Build.0 = Debug|Any CPU
		{FACC2D85-EC96-449F-A11F-35A4B1AA9782}.Release|Any CPU.ActiveCfg = Release|Any CPU
		{FACC2D85-EC96-449F-A11F-35A4B1AA9782}.Release|Any CPU.Build.0 = Release|Any CPU
		{396DC25B-BB31-4F53-A7DF-25F9D1D0B17A}.Debug|Any CPU.ActiveCfg = Debug|Any CPU
		{396DC25B-BB31-4F53-A7DF-25F9D1D0B17A}.Debug|Any CPU.Build.0 = Debug|Any CPU
		{396DC25B-BB31-4F53-A7DF-25F9D1D0B17A}.Release|Any CPU.ActiveCfg = Release|Any CPU
		{396DC25B-BB31-4F53-A7DF-25F9D1D0B17A}.Release|Any CPU.Build.0 = Release|Any CPU
		{184BF5D4-9344-4CD7-AE9B-8A833E2B52D6}.Debug|Any CPU.ActiveCfg = Debug|Any CPU
		{184BF5D4-9344-4CD7-AE9B-8A833E2B52D6}.Debug|Any CPU.Build.0 = Debug|Any CPU
		{184BF5D4-9344-4CD7-AE9B-8A833E2B52D6}.Release|Any CPU.ActiveCfg = Release|Any CPU
		{184BF5D4-9344-4CD7-AE9B-8A833E2B52D6}.Release|Any CPU.Build.0 = Release|Any CPU
		{981A9FA8-1EAD-498F-B3EA-2FC129B11E7E}.Debug|Any CPU.ActiveCfg = Debug|Any CPU
		{981A9FA8-1EAD-498F-B3EA-2FC129B11E7E}.Debug|Any CPU.Build.0 = Debug|Any CPU
		{981A9FA8-1EAD-498F-B3EA-2FC129B11E7E}.Release|Any CPU.ActiveCfg = Release|Any CPU
		{981A9FA8-1EAD-498F-B3EA-2FC129B11E7E}.Release|Any CPU.Build.0 = Release|Any CPU
		{E946575D-8C94-4722-BBBD-8D33E6A1DCD6}.Debug|Any CPU.ActiveCfg = Debug|Any CPU
		{E946575D-8C94-4722-BBBD-8D33E6A1DCD6}.Debug|Any CPU.Build.0 = Debug|Any CPU
		{E946575D-8C94-4722-BBBD-8D33E6A1DCD6}.Release|Any CPU.ActiveCfg = Release|Any CPU
		{E946575D-8C94-4722-BBBD-8D33E6A1DCD6}.Release|Any CPU.Build.0 = Release|Any CPU
		{4DE87F0F-B6FE-4C21-A2A6-709AA1B5FD1A}.Debug|Any CPU.ActiveCfg = Debug|Any CPU
		{4DE87F0F-B6FE-4C21-A2A6-709AA1B5FD1A}.Debug|Any CPU.Build.0 = Debug|Any CPU
		{4DE87F0F-B6FE-4C21-A2A6-709AA1B5FD1A}.Release|Any CPU.ActiveCfg = Release|Any CPU
		{4DE87F0F-B6FE-4C21-A2A6-709AA1B5FD1A}.Release|Any CPU.Build.0 = Release|Any CPU
		{59D8D0F3-9037-4BE4-893C-F3741142E590}.Debug|Any CPU.ActiveCfg = Debug|Any CPU
		{59D8D0F3-9037-4BE4-893C-F3741142E590}.Debug|Any CPU.Build.0 = Debug|Any CPU
		{59D8D0F3-9037-4BE4-893C-F3741142E590}.Release|Any CPU.ActiveCfg = Release|Any CPU
		{59D8D0F3-9037-4BE4-893C-F3741142E590}.Release|Any CPU.Build.0 = Release|Any CPU
		{F16B129A-4156-4088-944E-CA7B3E117DEE}.Debug|Any CPU.ActiveCfg = Debug|Any CPU
		{F16B129A-4156-4088-944E-CA7B3E117DEE}.Debug|Any CPU.Build.0 = Debug|Any CPU
		{F16B129A-4156-4088-944E-CA7B3E117DEE}.Release|Any CPU.ActiveCfg = Release|Any CPU
		{F16B129A-4156-4088-944E-CA7B3E117DEE}.Release|Any CPU.Build.0 = Release|Any CPU
	EndGlobalSection
	GlobalSection(SolutionProperties) = preSolution
		HideSolutionNode = FALSE
	EndGlobalSection
	GlobalSection(ExtensibilityGlobals) = postSolution
		SolutionGuid = {74972B89-ED8C-4CBC-BEE3-62C2F62F7006}
	EndGlobalSection
EndGlobal
