
Microsoft Visual Studio Solution File, Format Version 12.00
# Visual Studio Version 16
VisualStudioVersion = 25.0.1706.6
MinimumVisualStudioVersion = 10.0.40219.1
Project("{FAE04EC0-301F-11D3-BF4B-00C04F79EFBC}") = "FuelCalculator", "FuelCalculator.csproj", "{A567E08C-DD44-40B4-9124-2C04E73E7839}"
EndProject
Global
	GlobalSection(SolutionConfigurationPlatforms) = preSolution
		Debug|Any CPU = Debug|Any CPU
		Release|Any CPU = Release|Any CPU
	EndGlobalSection
	GlobalSection(ProjectConfigurationPlatforms) = postSolution
		{A567E08C-DD44-40B4-9124-2C04E73E7839}.Debug|Any CPU.ActiveCfg = Debug|Any CPU
		{A567E08C-DD44-40B4-9124-2C04E73E7839}.Debug|Any CPU.Build.0 = Debug|Any CPU
		{A567E08C-DD44-40B4-9124-2C04E73E7839}.Release|Any CPU.ActiveCfg = Release|Any CPU
		{A567E08C-DD44-40B4-9124-2C04E73E7839}.Release|Any CPU.Build.0 = Release|Any CPU
	EndGlobalSection
	GlobalSection(SolutionProperties) = preSolution
		HideSolutionNode = FALSE
	EndGlobalSection
	GlobalSection(ExtensibilityGlobals) = postSolution
		SolutionGuid = {7F966884-A7A1-44EA-99F7-D2BC40D23786}
	EndGlobalSection
EndGlobal
