
Microsoft Visual Studio Solution File, Format Version 12.00
# Visual Studio Version 16
VisualStudioVersion = 25.0.1706.6
MinimumVisualStudioVersion = 10.0.40219.1
Project("{FAE04EC0-301F-11D3-BF4B-00C04F79EFBC}") = "shoppingCart", "shoppingCart.csproj", "{2DCF30AE-609B-449D-9D9E-1F0B23947987}"
EndProject
Global
	GlobalSection(SolutionConfigurationPlatforms) = preSolution
		Debug|Any CPU = Debug|Any CPU
		Release|Any CPU = Release|Any CPU
	EndGlobalSection
	GlobalSection(ProjectConfigurationPlatforms) = postSolution
		{2DCF30AE-609B-449D-9D9E-1F0B23947987}.Debug|Any CPU.ActiveCfg = Debug|Any CPU
		{2DCF30AE-609B-449D-9D9E-1F0B23947987}.Debug|Any CPU.Build.0 = Debug|Any CPU
		{2DCF30AE-609B-449D-9D9E-1F0B23947987}.Release|Any CPU.ActiveCfg = Release|Any CPU
		{2DCF30AE-609B-449D-9D9E-1F0B23947987}.Release|Any CPU.Build.0 = Release|Any CPU
	EndGlobalSection
	GlobalSection(SolutionProperties) = preSolution
		HideSolutionNode = FALSE
	EndGlobalSection
	GlobalSection(ExtensibilityGlobals) = postSolution
		SolutionGuid = {58682017-4851-49D7-8189-E15EA2101C0F}
	EndGlobalSection
EndGlobal
