
Microsoft Visual Studio Solution File, Format Version 12.00
# Visual Studio Version 16
VisualStudioVersion = 25.0.1706.6
MinimumVisualStudioVersion = 10.0.40219.1
Project("{FAE04EC0-301F-11D3-BF4B-00C04F79EFBC}") = "cashMachine", "cashMachine.csproj", "{53ADE329-31AA-484E-9150-6D1C6BA2F689}"
EndProject
Global
	GlobalSection(SolutionConfigurationPlatforms) = preSolution
		Debug|Any CPU = Debug|Any CPU
		Release|Any CPU = Release|Any CPU
	EndGlobalSection
	GlobalSection(ProjectConfigurationPlatforms) = postSolution
		{53ADE329-31AA-484E-9150-6D1C6BA2F689}.Debug|Any CPU.ActiveCfg = Debug|Any CPU
		{53ADE329-31AA-484E-9150-6D1C6BA2F689}.Debug|Any CPU.Build.0 = Debug|Any CPU
		{53ADE329-31AA-484E-9150-6D1C6BA2F689}.Release|Any CPU.ActiveCfg = Release|Any CPU
		{53ADE329-31AA-484E-9150-6D1C6BA2F689}.Release|Any CPU.Build.0 = Release|Any CPU
	EndGlobalSection
	GlobalSection(SolutionProperties) = preSolution
		HideSolutionNode = FALSE
	EndGlobalSection
	GlobalSection(ExtensibilityGlobals) = postSolution
		SolutionGuid = {1E5430C0-7FFB-4BF9-A752-87F67A7F5B36}
	EndGlobalSection
EndGlobal
