
Microsoft Visual Studio Solution File, Format Version 12.00
# Visual Studio Version 16
VisualStudioVersion = 25.0.1706.6
MinimumVisualStudioVersion = 10.0.40219.1
Project("{FAE04EC0-301F-11D3-BF4B-00C04F79EFBC}") = "Zahlenstatistik", "Zahlenstatistik.csproj", "{E07B3290-95CA-4B9D-B4EC-CB05026D2D70}"
EndProject
Global
	GlobalSection(SolutionConfigurationPlatforms) = preSolution
		Debug|Any CPU = Debug|Any CPU
		Release|Any CPU = Release|Any CPU
	EndGlobalSection
	GlobalSection(ProjectConfigurationPlatforms) = postSolution
		{E07B3290-95CA-4B9D-B4EC-CB05026D2D70}.Debug|Any CPU.ActiveCfg = Debug|Any CPU
		{E07B3290-95CA-4B9D-B4EC-CB05026D2D70}.Debug|Any CPU.Build.0 = Debug|Any CPU
		{E07B3290-95CA-4B9D-B4EC-CB05026D2D70}.Release|Any CPU.ActiveCfg = Release|Any CPU
		{E07B3290-95CA-4B9D-B4EC-CB05026D2D70}.Release|Any CPU.Build.0 = Release|Any CPU
	EndGlobalSection
	GlobalSection(SolutionProperties) = preSolution
		HideSolutionNode = FALSE
	EndGlobalSection
	GlobalSection(ExtensibilityGlobals) = postSolution
		SolutionGuid = {05AB1C78-473D-4B85-AF8D-5EEA52F3116D}
	EndGlobalSection
EndGlobal
