
Microsoft Visual Studio Solution File, Format Version 12.00
# Visual Studio Version 17
VisualStudioVersion = 17.0.31903.59
MinimumVisualStudioVersion = 10.0.40219.1
Project("{FAE04EC0-301F-11D3-BF4B-00C04F79EFBC}") = "VocabTrainer", "VocabTrainer\VocabTrainer.csproj", "{807A2E4F-4B76-4237-ACA5-69286E4099C5}"
EndProject
Project("{FAE04EC0-301F-11D3-BF4B-00C04F79EFBC}") = "SkiResults", "SkiResults\SkiResults.csproj", "{B4440F7A-A26A-4B8D-9AEE-A8C32592A70B}"
EndProject
Project("{FAE04EC0-301F-11D3-BF4B-00C04F79EFBC}") = "BusinessRun", "BusinessRun\BusinessRun.csproj", "{AF14DD6C-BE2B-443F-A622-BEF6614BB2B0}"
EndProject
Project("{FAE04EC0-301F-11D3-BF4B-00C04F79EFBC}") = "CalendarManagement", "CalendarManagement\CalendarManagement.csproj", "{EAF3315F-F7C9-4A2A-AB1A-EFD2F2A324FF}"
EndProject
Project("{FAE04EC0-301F-11D3-BF4B-00C04F79EFBC}") = "DemoRekursion", "DemoRekursion\DemoRekursion.csproj", "{A27926AA-5E1A-4425-BE58-266E033C8F54}"
EndProject
Project("{FAE04EC0-301F-11D3-BF4B-00C04F79EFBC}") = "RecursiveExamples", "RecursiveExamples\RecursiveExamples.csproj", "{A8162637-3B7D-4832-BF6C-C3BA605ED938}"
EndProject
Project("{FAE04EC0-301F-11D3-BF4B-00C04F79EFBC}") = "DemoVector.ConApp", "DemoVector.ConApp\DemoVector.ConApp.csproj", "{6780687F-45CD-44B0-932A-DC734053A468}"
EndProject
Project("{FAE04EC0-301F-11D3-BF4B-00C04F79EFBC}") = "FractionOne.ConApp", "FractionOne.ConApp\FractionOne.ConApp.csproj", "{4AED2C93-A032-4EFF-8427-AEA3480A590F}"
EndProject
Project("{FAE04EC0-301F-11D3-BF4B-00C04F79EFBC}") = "DemoStack.ConApp", "DemoStack.ConApp\DemoStack.ConApp.csproj", "{A8F8FE38-0C66-41F2-9B2D-5CB58897D8F4}"
EndProject
Project("{FAE04EC0-301F-11D3-BF4B-00C04F79EFBC}") = "DemoSortFraction.ConApp", "DemoSortFraction.ConApp\DemoSortFraction.ConApp.csproj", "{059AEB94-A77F-4337-8581-6E13BBD4328F}"
EndProject
Global
	GlobalSection(SolutionConfigurationPlatforms) = preSolution
		Debug|Any CPU = Debug|Any CPU
		Release|Any CPU = Release|Any CPU
	EndGlobalSection
	GlobalSection(SolutionProperties) = preSolution
		HideSolutionNode = FALSE
	EndGlobalSection
	GlobalSection(ProjectConfigurationPlatforms) = postSolution
		{807A2E4F-4B76-4237-ACA5-69286E4099C5}.Debug|Any CPU.ActiveCfg = Debug|Any CPU
		{807A2E4F-4B76-4237-ACA5-69286E4099C5}.Debug|Any CPU.Build.0 = Debug|Any CPU
		{807A2E4F-4B76-4237-ACA5-69286E4099C5}.Release|Any CPU.ActiveCfg = Release|Any CPU
		{807A2E4F-4B76-4237-ACA5-69286E4099C5}.Release|Any CPU.Build.0 = Release|Any CPU
		{B4440F7A-A26A-4B8D-9AEE-A8C32592A70B}.Debug|Any CPU.ActiveCfg = Debug|Any CPU
		{B4440F7A-A26A-4B8D-9AEE-A8C32592A70B}.Debug|Any CPU.Build.0 = Debug|Any CPU
		{B4440F7A-A26A-4B8D-9AEE-A8C32592A70B}.Release|Any CPU.ActiveCfg = Release|Any CPU
		{B4440F7A-A26A-4B8D-9AEE-A8C32592A70B}.Release|Any CPU.Build.0 = Release|Any CPU
		{AF14DD6C-BE2B-443F-A622-BEF6614BB2B0}.Debug|Any CPU.ActiveCfg = Debug|Any CPU
		{AF14DD6C-BE2B-443F-A622-BEF6614BB2B0}.Debug|Any CPU.Build.0 = Debug|Any CPU
		{AF14DD6C-BE2B-443F-A622-BEF6614BB2B0}.Release|Any CPU.ActiveCfg = Release|Any CPU
		{AF14DD6C-BE2B-443F-A622-BEF6614BB2B0}.Release|Any CPU.Build.0 = Release|Any CPU
		{EAF3315F-F7C9-4A2A-AB1A-EFD2F2A324FF}.Debug|Any CPU.ActiveCfg = Debug|Any CPU
		{EAF3315F-F7C9-4A2A-AB1A-EFD2F2A324FF}.Debug|Any CPU.Build.0 = Debug|Any CPU
		{EAF3315F-F7C9-4A2A-AB1A-EFD2F2A324FF}.Release|Any CPU.ActiveCfg = Release|Any CPU
		{EAF3315F-F7C9-4A2A-AB1A-EFD2F2A324FF}.Release|Any CPU.Build.0 = Release|Any CPU
		{A27926AA-5E1A-4425-BE58-266E033C8F54}.Debug|Any CPU.ActiveCfg = Debug|Any CPU
		{A27926AA-5E1A-4425-BE58-266E033C8F54}.Debug|Any CPU.Build.0 = Debug|Any CPU
		{A27926AA-5E1A-4425-BE58-266E033C8F54}.Release|Any CPU.ActiveCfg = Release|Any CPU
		{A27926AA-5E1A-4425-BE58-266E033C8F54}.Release|Any CPU.Build.0 = Release|Any CPU
		{A8162637-3B7D-4832-BF6C-C3BA605ED938}.Debug|Any CPU.ActiveCfg = Debug|Any CPU
		{A8162637-3B7D-4832-BF6C-C3BA605ED938}.Debug|Any CPU.Build.0 = Debug|Any CPU
		{A8162637-3B7D-4832-BF6C-C3BA605ED938}.Release|Any CPU.ActiveCfg = Release|Any CPU
		{A8162637-3B7D-4832-BF6C-C3BA605ED938}.Release|Any CPU.Build.0 = Release|Any CPU
		{6780687F-45CD-44B0-932A-DC734053A468}.Debug|Any CPU.ActiveCfg = Debug|Any CPU
		{6780687F-45CD-44B0-932A-DC734053A468}.Debug|Any CPU.Build.0 = Debug|Any CPU
		{6780687F-45CD-44B0-932A-DC734053A468}.Release|Any CPU.ActiveCfg = Release|Any CPU
		{6780687F-45CD-44B0-932A-DC734053A468}.Release|Any CPU.Build.0 = Release|Any CPU
		{4AED2C93-A032-4EFF-8427-AEA3480A590F}.Debug|Any CPU.ActiveCfg = Debug|Any CPU
		{4AED2C93-A032-4EFF-8427-AEA3480A590F}.Debug|Any CPU.Build.0 = Debug|Any CPU
		{4AED2C93-A032-4EFF-8427-AEA3480A590F}.Release|Any CPU.ActiveCfg = Release|Any CPU
		{4AED2C93-A032-4EFF-8427-AEA3480A590F}.Release|Any CPU.Build.0 = Release|Any CPU
		{A8F8FE38-0C66-41F2-9B2D-5CB58897D8F4}.Debug|Any CPU.ActiveCfg = Debug|Any CPU
		{A8F8FE38-0C66-41F2-9B2D-5CB58897D8F4}.Debug|Any CPU.Build.0 = Debug|Any CPU
		{A8F8FE38-0C66-41F2-9B2D-5CB58897D8F4}.Release|Any CPU.ActiveCfg = Release|Any CPU
		{A8F8FE38-0C66-41F2-9B2D-5CB58897D8F4}.Release|Any CPU.Build.0 = Release|Any CPU
		{059AEB94-A77F-4337-8581-6E13BBD4328F}.Debug|Any CPU.ActiveCfg = Debug|Any CPU
		{059AEB94-A77F-4337-8581-6E13BBD4328F}.Debug|Any CPU.Build.0 = Debug|Any CPU
		{059AEB94-A77F-4337-8581-6E13BBD4328F}.Release|Any CPU.ActiveCfg = Release|Any CPU
		{059AEB94-A77F-4337-8581-6E13BBD4328F}.Release|Any CPU.Build.0 = Release|Any CPU
	EndGlobalSection
EndGlobal
